lockfileVersion: 5.4

specifiers:
  '@types/node': ^18.0.4
  bencode: ^2.0.3
  bittorrent-dht: ^10.0.4
  bittorrent-protocol: ^4.0.1
  events: ^3.3.0
  ut_metadata: ^3.5.2

dependencies:
  bencode: 2.0.3
  bittorrent-dht: 10.0.4
  bittorrent-protocol: 4.0.1
  events: 3.3.0
  ut_metadata: 3.5.2

devDependencies:
  '@types/node': 18.0.4

packages:

  /@types/node/18.0.4:
    resolution: {integrity: sha512-M0+G6V0Y4YV8cqzHssZpaNCqvYwlCiulmm0PwpNLF55r/+cT8Ol42CHRU1SEaYFH2rTwiiE1aYg/2g2rrtGdPA==}
    dev: true

  /b4a/1.5.3:
    resolution: {integrity: sha512-1aCQIzQJK7G0z1Una75tWMlwVAR8o+QHoAlnWc5XAxRVBESY9WsitfBgM5nPyDBP5HrhPU1Np4Pq2Y7CJQ+tVw==}
    dev: false

  /bencode/2.0.3:
    resolution: {integrity: sha512-D/vrAD4dLVX23NalHwb8dSvsUsxeRPO8Y7ToKA015JQYq69MLDOMkC0uGZYA/MPpltLO8rt8eqFC2j8DxjTZ/w==}
    dev: false

  /bitfield/4.1.0:
    resolution: {integrity: sha512-6cEDG3K+PK9f+B7WyhWYjp09bqSa+uaAaecVA7Y5giFixyVe1s6HKGnvOqYNR4Mi4fBMjfDPLBpHkKvzzgP7kg==}
    engines: {node: '>=8'}
    dev: false

  /bittorrent-dht/10.0.4:
    resolution: {integrity: sha512-Yx5cZXU4R+mUbxR2PbKdvOVTizOrePPF8NT3WGCXX5qzJVt8gF8gq9GMBWcmNjHUBYHVigDaRf030hxQ2dJWUg==}
    engines: {node: '>=10'}
    dependencies:
      bencode: 2.0.3
      debug: 4.3.4
      k-bucket: 5.1.0
      k-rpc: 5.1.0
      last-one-wins: 1.0.4
      lru: 3.1.0
      randombytes: 2.1.0
      record-cache: 1.2.0
      simple-sha1: 3.1.0
    transitivePeerDependencies:
      - supports-color
    dev: false

  /bittorrent-protocol/4.0.1:
    resolution: {integrity: sha512-ibeCodJBfMUBWzTbKhPNol2ffh3c/tz1udwpVHUkyxAcXNbDXHc7qoC5HQXHRAfvvvzzc7AxLRt7e2ALcTIwFw==}
    engines: {node: '>=12.20.0'}
    dependencies:
      bencode: 2.0.3
      bitfield: 4.1.0
      debug: 4.3.4
      randombytes: 2.1.0
      rc4: 0.1.5
      readable-stream: 3.6.0
      simple-sha1: 3.1.0
      throughput: 1.0.1
      unordered-array-remove: 1.0.2
    transitivePeerDependencies:
      - supports-color
    dev: false

  /chrome-dgram/3.0.6:
    resolution: {integrity: sha512-bqBsUuaOiXiqxXt/zA/jukNJJ4oaOtc7ciwqJpZVEaaXwwxqgI2/ZdG02vXYWUhHGziDlvGMQWk0qObgJwVYKA==}
    dependencies:
      inherits: 2.0.4
      run-series: 1.1.9
    dev: false

  /chrome-dns/1.0.1:
    resolution: {integrity: sha512-HqsYJgIc8ljJJOqOzLphjAs79EUuWSX3nzZi2LNkzlw3GIzAeZbaSektC8iT/tKvLqZq8yl1GJu5o6doA4TRbg==}
    dependencies:
      chrome-net: 3.3.4
    dev: false

  /chrome-net/3.3.4:
    resolution: {integrity: sha512-Jzy2EnzmE+ligqIZUsmWnck9RBXLuUy6CaKyuNMtowFG3ZvLt8d+WBJCTPEludV0DHpIKjAOlwjFmTaEdfdWCw==}
    dependencies:
      inherits: 2.0.4
    dev: false

  /debug/4.3.4:
    resolution: {integrity: sha512-PRWFHuSU3eDtQJPvnNY7Jcket1j0t5OuOsFzPPzsekD52Zl8qUfFIPEiswXqIvHWGVHOgX+7G/vCNNhehwxfkQ==}
    engines: {node: '>=6.0'}
    peerDependencies:
      supports-color: '*'
    peerDependenciesMeta:
      supports-color:
        optional: true
    dependencies:
      ms: 2.1.2
    dev: false

  /events/3.3.0:
    resolution: {integrity: sha512-mQw+2fkQbALzQ7V0MY0IqdnXNOeTtP4r0lN9z7AAawCXgqea7bDii20AYrIBrFd/Hx0M2Ocz6S111CaFkUcb0Q==}
    engines: {node: '>=0.8.x'}
    dev: false

  /inherits/2.0.4:
    resolution: {integrity: sha512-k/vGaX4/Yla3WzyMCvTQOXYeIHvqOKtnqBduzTHpzpQZzAskKMhZ2K+EnBiSM9zGSoIFeMpXKxa4dYeZIQqewQ==}
    dev: false

  /k-bucket/5.1.0:
    resolution: {integrity: sha512-Fac7iINEovXIWU20GPnOMLUbjctiS+cnmyjC4zAUgvs3XPf1vo9akfCHkigftSic/jiKqKl+KA3a/vFcJbHyCg==}
    dependencies:
      randombytes: 2.1.0
    dev: false

  /k-rpc-socket/1.11.1:
    resolution: {integrity: sha512-8xtA8oqbZ6v1Niryp2/g4GxW16EQh5MvrUylQoOG+zcrDff5CKttON2XUXvMwlIHq4/2zfPVFiinAccJ+WhxoA==}
    dependencies:
      bencode: 2.0.3
      chrome-dgram: 3.0.6
      chrome-dns: 1.0.1
      chrome-net: 3.3.4
    dev: false

  /k-rpc/5.1.0:
    resolution: {integrity: sha512-FGc+n70Hcjoa/X2JTwP+jMIOpBz+pkRffHnSl9yrYiwUxg3FIgD50+u1ePfJUOnRCnx6pbjmVk5aAeB1wIijuQ==}
    dependencies:
      k-bucket: 5.1.0
      k-rpc-socket: 1.11.1
      randombytes: 2.1.0
    dev: false

  /last-one-wins/1.0.4:
    resolution: {integrity: sha512-t+KLJFkHPQk8lfN6WBOiGkiUXoub+gnb2XTYI2P3aiISL+94xgZ1vgz1SXN/N4hthuOoLXarXfBZPUruyjQtfA==}
    dev: false

  /lru/3.1.0:
    resolution: {integrity: sha512-5OUtoiVIGU4VXBOshidmtOsvBIvcQR6FD/RzWSvaeHyxCGB+PCUCu+52lqMfdc0h/2CLvHhZS4TwUmMQrrMbBQ==}
    engines: {node: '>= 0.4.0'}
    dependencies:
      inherits: 2.0.4
    dev: false

  /ms/2.1.2:
    resolution: {integrity: sha512-sGkPx+VjMtmA6MX27oA4FBFELFCZZ4S4XqeGOXCv68tT+jb3vk/RyaKWP0PTKyWtmLSM0b+adUTEvbs1PEaH2w==}
    dev: false

  /queue-microtask/1.2.3:
    resolution: {integrity: sha512-NuaNSa6flKT5JaSYQzJok04JzTL1CA6aGhv5rfLW3PgqA+M2ChpZQnAC8h8i4ZFkBS8X5RqkDBHA7r4hej3K9A==}
    dev: false

  /randombytes/2.1.0:
    resolution: {integrity: sha512-vYl3iOX+4CKUWuxGi9Ukhie6fsqXqS9FE2Zaic4tNFD2N2QQaXOMFbuKK4QmDHC0JO6B1Zp41J0LpT0oR68amQ==}
    dependencies:
      safe-buffer: 5.2.1
    dev: false

  /rc4/0.1.5:
    resolution: {integrity: sha512-xdDTNV90z5x5u25Oc871Xnvu7yAr4tV7Eluh0VSvrhUkry39q1k+zkz7xroqHbRq+8PiazySHJPArqifUvz9VA==}
    engines: {node: '>=0.10.0'}
    dev: false

  /readable-stream/3.6.0:
    resolution: {integrity: sha512-BViHy7LKeTz4oNnkcLJ+lVSL6vpiFeX6/d3oSH8zCW7UxP2onchk+vTGB143xuFjHS3deTgkKoXXymXqymiIdA==}
    engines: {node: '>= 6'}
    dependencies:
      inherits: 2.0.4
      string_decoder: 1.3.0
      util-deprecate: 1.0.2
    dev: false

  /record-cache/1.2.0:
    resolution: {integrity: sha512-kyy3HWCez2WrotaL3O4fTn0rsIdfRKOdQQcEJ9KpvmKmbffKVvwsloX063EgRUlpJIXHiDQFhJcTbZequ2uTZw==}
    dependencies:
      b4a: 1.5.3
    dev: false

  /run-series/1.1.9:
    resolution: {integrity: sha512-Arc4hUN896vjkqCYrUXquBFtRZdv1PfLbTYP71efP6butxyQ0kWpiNJyAgsxscmQg1cqvHY32/UCBzXedTpU2g==}
    dev: false

  /rusha/0.8.14:
    resolution: {integrity: sha512-cLgakCUf6PedEu15t8kbsjnwIFFR2D4RfL+W3iWFJ4iac7z4B0ZI8fxy4R3J956kAI68HclCFGL8MPoUVC3qVA==}
    dev: false

  /safe-buffer/5.2.1:
    resolution: {integrity: sha512-rp3So07KcdmmKbGvgaNxQSJr7bGVSVk5S9Eq1F+ppbRo70+YeaDxkw5Dd8NPN+GD6bjnYm2VuPuCXmpuYvmCXQ==}
    dev: false

  /simple-sha1/3.1.0:
    resolution: {integrity: sha512-ArTptMRC1v08H8ihPD6l0wesKvMfF9e8XL5rIHPanI7kGOsSsbY514MwVu6X1PITHCTB2F08zB7cyEbfc4wQjg==}
    dependencies:
      queue-microtask: 1.2.3
      rusha: 0.8.14
    dev: false

  /string_decoder/1.3.0:
    resolution: {integrity: sha512-hkRX8U1WjJFd8LsDJ2yQ/wWWxaopEsABU1XfkM8A+j0+85JAGppt16cr1Whg6KIbb4okU6Mql6BOj+uup/wKeA==}
    dependencies:
      safe-buffer: 5.2.1
    dev: false

  /throughput/1.0.1:
    resolution: {integrity: sha512-4Mvv5P4xyVz6RM07wS3tGyZ/kPAiKtLeqznq3hK4pxDiTUSyQ5xeFlBiWxflCWexvSnxo2aAfedzKajJqihz4Q==}
    dev: false

  /unordered-array-remove/1.0.2:
    resolution: {integrity: sha512-45YsfD6svkgaCBNyvD+dFHm4qFX9g3wRSIVgWVPtm2OCnphvPxzJoe20ATsiNpNJrmzHifnxm+BN5F7gFT/4gw==}
    dev: false

  /ut_metadata/3.5.2:
    resolution: {integrity: sha512-3XZZuJSeoIUyMYSuDbTbVtP4KAVGHPfU8nmHFkr8LJc+THCaUXwnu/2AV+LCSLarET/hL9IlbNfYTGrt6fOVuQ==}
    dependencies:
      bencode: 2.0.3
      bitfield: 4.1.0
      debug: 4.3.4
      simple-sha1: 3.1.0
    transitivePeerDependencies:
      - supports-color
    dev: false

  /util-deprecate/1.0.2:
    resolution: {integrity: sha512-EPD5q1uXyFxJpCrLnCc1nHnq3gOa6DZBocAIiI2TaSCA7VCJ1UJDMagCzIkXNsUYfD1daK//LTEQ8xiIbrHtcw==}
    dev: false
